{
  "version": 4,
  "terraform_version": "1.4.6",
  "serial": 113,
  "lineage": "b02c08b3-08d8-4f77-a66b-f5c88db5ac37",
  "outputs": {
    "kubernetes_cluster_host": {
      "value": "34.163.173.90",
      "type": "string"
    },
    "kubernetes_cluster_name": {
      "value": "k8s-cluster",
      "type": "string"
    },
    "project_id": {
      "value": "efrei-project-devops",
      "type": "string"
    },
    "region": {
      "value": "europe-west9",
      "type": "string"
    }
  },
  "resources": [
    {
      "module": "module.cloudbuild_trigger.module.trigger",
      "mode": "managed",
      "type": "google_cloudbuild_trigger",
      "name": "trigger",
      "provider": "provider[\"registry.terraform.io/hashicorp/google\"]",
      "instances": [
        {
          "schema_version": 2,
          "attributes": {
            "approval_config": [
              {
                "approval_required": false
              }
            ],
            "bitbucket_server_trigger_config": [],
            "build": [],
            "create_time": "2023-05-19T17:38:55.235728778Z",
            "description": "",
            "disabled": false,
            "filename": "cloudbuild.yaml",
            "filter": "",
            "git_file_source": [],
            "github": [
              {
                "enterprise_config_resource_name": "",
                "name": "efrei-devops",
                "owner": "whygee-dev",
                "pull_request": [],
                "push": [
                  {
                    "branch": "^master$",
                    "invert_regex": false,
                    "tag": ""
                  }
                ]
              }
            ],
            "id": "projects/efrei-project-devops/triggers/983f780b-2cca-4a90-87cd-d5e1b1e598f3",
            "ignored_files": [],
            "include_build_logs": "",
            "included_files": [],
            "location": "global",
            "name": "master-trigger",
            "project": "efrei-project-devops",
            "pubsub_config": [],
            "service_account": "",
            "source_to_build": [],
            "substitutions": {},
            "tags": [],
            "timeouts": null,
            "trigger_id": "983f780b-2cca-4a90-87cd-d5e1b1e598f3",
            "trigger_template": [],
            "webhook_config": []
          },
          "sensitive_attributes": [],
          "private": "eyJlMmJmYjczMC1lY2FhLTExZTYtOGY4OC0zNDM2M2JjN2M0YzAiOnsiY3JlYXRlIjoxMjAwMDAwMDAwMDAwLCJkZWxldGUiOjEyMDAwMDAwMDAwMDAsInVwZGF0ZSI6MTIwMDAwMDAwMDAwMH0sInNjaGVtYV92ZXJzaW9uIjoiMiJ9",
          "dependencies": [
            "module.cloudbuild_trigger.module.trigger.data.google_service_account.sa"
          ]
        }
      ]
    },
    {
      "module": "module.container_registry",
      "mode": "managed",
      "type": "google_artifact_registry_repository",
      "name": "efrei-devops",
      "provider": "provider[\"registry.terraform.io/hashicorp/google\"]",
      "instances": [
        {
          "schema_version": 0,
          "attributes": {
            "create_time": "2023-05-19T16:46:13.479291Z",
            "description": "",
            "docker_config": [],
            "format": "DOCKER",
            "id": "projects/efrei-project-devops/locations/europe-west9/repositories/efrei-devops",
            "kms_key_name": "",
            "labels": {},
            "location": "europe-west9",
            "maven_config": [],
            "mode": "STANDARD_REPOSITORY",
            "name": "efrei-devops",
            "project": "efrei-project-devops",
            "remote_repository_config": [],
            "repository_id": "efrei-devops",
            "timeouts": null,
            "update_time": "2023-05-19T16:46:13.479291Z",
            "virtual_repository_config": []
          },
          "sensitive_attributes": [],
          "private": "eyJlMmJmYjczMC1lY2FhLTExZTYtOGY4OC0zNDM2M2JjN2M0YzAiOnsiY3JlYXRlIjoxMjAwMDAwMDAwMDAwLCJkZWxldGUiOjEyMDAwMDAwMDAwMDAsInVwZGF0ZSI6MTIwMDAwMDAwMDAwMH19"
        }
      ]
    },
    {
      "module": "module.database_url",
      "mode": "data",
      "type": "google_iam_policy",
      "name": "admin",
      "provider": "provider[\"registry.terraform.io/hashicorp/google\"]",
      "instances": [
        {
          "schema_version": 0,
          "attributes": {
            "audit_config": null,
            "binding": [
              {
                "condition": [],
                "members": [
                  "serviceAccount:292481049315@cloudbuild.gserviceaccount.com"
                ],
                "role": "roles/secretmanager.secretAccessor"
              }
            ],
            "id": "3518885174",
            "policy_data": "{\"bindings\":[{\"members\":[\"serviceAccount:292481049315@cloudbuild.gserviceaccount.com\"],\"role\":\"roles/secretmanager.secretAccessor\"}]}"
          },
          "sensitive_attributes": []
        }
      ]
    },
    {
      "module": "module.database_url",
      "mode": "managed",
      "type": "google_secret_manager_secret",
      "name": "secret",
      "provider": "provider[\"registry.terraform.io/hashicorp/google\"]",
      "instances": [
        {
          "schema_version": 0,
          "attributes": {
            "create_time": "2023-05-19T16:46:12.966605Z",
            "expire_time": "",
            "id": "projects/efrei-project-devops/secrets/DATABASE_URL",
            "labels": {},
            "name": "projects/292481049315/secrets/DATABASE_URL",
            "project": "efrei-project-devops",
            "replication": [
              {
                "automatic": false,
                "user_managed": [
                  {
                    "replicas": [
                      {
                        "customer_managed_encryption": [],
                        "location": "europe-west9"
                      }
                    ]
                  }
                ]
              }
            ],
            "rotation": [],
            "secret_id": "DATABASE_URL",
            "timeouts": null,
            "topics": [],
            "ttl": null
          },
          "sensitive_attributes": [],
          "private": "eyJlMmJmYjczMC1lY2FhLTExZTYtOGY4OC0zNDM2M2JjN2M0YzAiOnsiY3JlYXRlIjoxMjAwMDAwMDAwMDAwLCJkZWxldGUiOjEyMDAwMDAwMDAwMDAsInVwZGF0ZSI6MTIwMDAwMDAwMDAwMH19"
        }
      ]
    },
    {
      "module": "module.database_url",
      "mode": "managed",
      "type": "google_secret_manager_secret_iam_policy",
      "name": "policy",
      "provider": "provider[\"registry.terraform.io/hashicorp/google\"]",
      "instances": [
        {
          "schema_version": 0,
          "attributes": {
            "etag": "BwX8D4g6qYI=",
            "id": "projects/efrei-project-devops/secrets/DATABASE_URL",
            "policy_data": "{\"bindings\":[{\"members\":[\"serviceAccount:292481049315@cloudbuild.gserviceaccount.com\"],\"role\":\"roles/secretmanager.secretAccessor\"}]}",
            "project": "efrei-project-devops",
            "secret_id": "projects/efrei-project-devops/secrets/DATABASE_URL"
          },
          "sensitive_attributes": [],
          "private": "bnVsbA==",
          "dependencies": [
            "module.database_url.data.google_iam_policy.admin",
            "module.database_url.google_secret_manager_secret.secret"
          ]
        }
      ]
    },
    {
      "module": "module.database_url",
      "mode": "managed",
      "type": "google_secret_manager_secret_version",
      "name": "version",
      "provider": "provider[\"registry.terraform.io/hashicorp/google\"]",
      "instances": [
        {
          "schema_version": 0,
          "attributes": {
            "create_time": "2023-05-19T16:46:13.914982Z",
            "destroy_time": "",
            "enabled": true,
            "id": "projects/292481049315/secrets/DATABASE_URL/versions/1",
            "name": "projects/292481049315/secrets/DATABASE_URL/versions/1",
            "secret": "projects/efrei-project-devops/secrets/DATABASE_URL",
            "secret_data": "file:./db.sqlite",
            "timeouts": null,
            "version": "1"
          },
          "sensitive_attributes": [],
          "private": "eyJlMmJmYjczMC1lY2FhLTExZTYtOGY4OC0zNDM2M2JjN2M0YzAiOnsiY3JlYXRlIjoxMjAwMDAwMDAwMDAwLCJkZWxldGUiOjEyMDAwMDAwMDAwMDB9fQ==",
          "dependencies": [
            "module.database_url.google_secret_manager_secret.secret"
          ]
        }
      ]
    },
    {
      "module": "module.discord_client_id",
      "mode": "data",
      "type": "google_iam_policy",
      "name": "admin",
      "provider": "provider[\"registry.terraform.io/hashicorp/google\"]",
      "instances": [
        {
          "schema_version": 0,
          "attributes": {
            "audit_config": null,
            "binding": [
              {
                "condition": [],
                "members": [
                  "serviceAccount:292481049315@cloudbuild.gserviceaccount.com"
                ],
                "role": "roles/secretmanager.secretAccessor"
              }
            ],
            "id": "3518885174",
            "policy_data": "{\"bindings\":[{\"members\":[\"serviceAccount:292481049315@cloudbuild.gserviceaccount.com\"],\"role\":\"roles/secretmanager.secretAccessor\"}]}"
          },
          "sensitive_attributes": []
        }
      ]
    },
    {
      "module": "module.discord_client_id",
      "mode": "managed",
      "type": "google_secret_manager_secret",
      "name": "secret",
      "provider": "provider[\"registry.terraform.io/hashicorp/google\"]",
      "instances": [
        {
          "schema_version": 0,
          "attributes": {
            "create_time": "2023-05-19T16:46:13.049043Z",
            "expire_time": "",
            "id": "projects/efrei-project-devops/secrets/DISCORD_CLIENT_ID",
            "labels": {},
            "name": "projects/292481049315/secrets/DISCORD_CLIENT_ID",
            "project": "efrei-project-devops",
            "replication": [
              {
                "automatic": false,
                "user_managed": [
                  {
                    "replicas": [
                      {
                        "customer_managed_encryption": [],
                        "location": "europe-west9"
                      }
                    ]
                  }
                ]
              }
            ],
            "rotation": [],
            "secret_id": "DISCORD_CLIENT_ID",
            "timeouts": null,
            "topics": [],
            "ttl": null
          },
          "sensitive_attributes": [],
          "private": "eyJlMmJmYjczMC1lY2FhLTExZTYtOGY4OC0zNDM2M2JjN2M0YzAiOnsiY3JlYXRlIjoxMjAwMDAwMDAwMDAwLCJkZWxldGUiOjEyMDAwMDAwMDAwMDAsInVwZGF0ZSI6MTIwMDAwMDAwMDAwMH19"
        }
      ]
    },
    {
      "module": "module.discord_client_id",
      "mode": "managed",
      "type": "google_secret_manager_secret_iam_policy",
      "name": "policy",
      "provider": "provider[\"registry.terraform.io/hashicorp/google\"]",
      "instances": [
        {
          "schema_version": 0,
          "attributes": {
            "etag": "BwX8D4g8Ugo=",
            "id": "projects/efrei-project-devops/secrets/DISCORD_CLIENT_ID",
            "policy_data": "{\"bindings\":[{\"members\":[\"serviceAccount:292481049315@cloudbuild.gserviceaccount.com\"],\"role\":\"roles/secretmanager.secretAccessor\"}]}",
            "project": "efrei-project-devops",
            "secret_id": "projects/efrei-project-devops/secrets/DISCORD_CLIENT_ID"
          },
          "sensitive_attributes": [],
          "private": "bnVsbA==",
          "dependencies": [
            "module.discord_client_id.data.google_iam_policy.admin",
            "module.discord_client_id.google_secret_manager_secret.secret"
          ]
        }
      ]
    },
    {
      "module": "module.discord_client_id",
      "mode": "managed",
      "type": "google_secret_manager_secret_version",
      "name": "version",
      "provider": "provider[\"registry.terraform.io/hashicorp/google\"]",
      "instances": [
        {
          "schema_version": 0,
          "attributes": {
            "create_time": "2023-05-19T16:46:14.003702Z",
            "destroy_time": "",
            "enabled": true,
            "id": "projects/292481049315/secrets/DISCORD_CLIENT_ID/versions/1",
            "name": "projects/292481049315/secrets/DISCORD_CLIENT_ID/versions/1",
            "secret": "projects/efrei-project-devops/secrets/DISCORD_CLIENT_ID",
            "secret_data": "1105922368397914272",
            "timeouts": null,
            "version": "1"
          },
          "sensitive_attributes": [],
          "private": "eyJlMmJmYjczMC1lY2FhLTExZTYtOGY4OC0zNDM2M2JjN2M0YzAiOnsiY3JlYXRlIjoxMjAwMDAwMDAwMDAwLCJkZWxldGUiOjEyMDAwMDAwMDAwMDB9fQ==",
          "dependencies": [
            "module.discord_client_id.google_secret_manager_secret.secret"
          ]
        }
      ]
    },
    {
      "module": "module.discord_client_secret",
      "mode": "data",
      "type": "google_iam_policy",
      "name": "admin",
      "provider": "provider[\"registry.terraform.io/hashicorp/google\"]",
      "instances": [
        {
          "schema_version": 0,
          "attributes": {
            "audit_config": null,
            "binding": [
              {
                "condition": [],
                "members": [
                  "serviceAccount:292481049315@cloudbuild.gserviceaccount.com"
                ],
                "role": "roles/secretmanager.secretAccessor"
              }
            ],
            "id": "3518885174",
            "policy_data": "{\"bindings\":[{\"members\":[\"serviceAccount:292481049315@cloudbuild.gserviceaccount.com\"],\"role\":\"roles/secretmanager.secretAccessor\"}]}"
          },
          "sensitive_attributes": []
        }
      ]
    },
    {
      "module": "module.discord_client_secret",
      "mode": "managed",
      "type": "google_secret_manager_secret",
      "name": "secret",
      "provider": "provider[\"registry.terraform.io/hashicorp/google\"]",
      "instances": [
        {
          "schema_version": 0,
          "attributes": {
            "create_time": "2023-05-19T16:46:12.881908Z",
            "expire_time": "",
            "id": "projects/efrei-project-devops/secrets/DISCORD_CLIENT_SECRET",
            "labels": {},
            "name": "projects/292481049315/secrets/DISCORD_CLIENT_SECRET",
            "project": "efrei-project-devops",
            "replication": [
              {
                "automatic": false,
                "user_managed": [
                  {
                    "replicas": [
                      {
                        "customer_managed_encryption": [],
                        "location": "europe-west9"
                      }
                    ]
                  }
                ]
              }
            ],
            "rotation": [],
            "secret_id": "DISCORD_CLIENT_SECRET",
            "timeouts": null,
            "topics": [],
            "ttl": null
          },
          "sensitive_attributes": [],
          "private": "eyJlMmJmYjczMC1lY2FhLTExZTYtOGY4OC0zNDM2M2JjN2M0YzAiOnsiY3JlYXRlIjoxMjAwMDAwMDAwMDAwLCJkZWxldGUiOjEyMDAwMDAwMDAwMDAsInVwZGF0ZSI6MTIwMDAwMDAwMDAwMH19"
        }
      ]
    },
    {
      "module": "module.discord_client_secret",
      "mode": "managed",
      "type": "google_secret_manager_secret_iam_policy",
      "name": "policy",
      "provider": "provider[\"registry.terraform.io/hashicorp/google\"]",
      "instances": [
        {
          "schema_version": 0,
          "attributes": {
            "etag": "BwX8D4g5K9c=",
            "id": "projects/efrei-project-devops/secrets/DISCORD_CLIENT_SECRET",
            "policy_data": "{\"bindings\":[{\"members\":[\"serviceAccount:292481049315@cloudbuild.gserviceaccount.com\"],\"role\":\"roles/secretmanager.secretAccessor\"}]}",
            "project": "efrei-project-devops",
            "secret_id": "projects/efrei-project-devops/secrets/DISCORD_CLIENT_SECRET"
          },
          "sensitive_attributes": [],
          "private": "bnVsbA==",
          "dependencies": [
            "module.discord_client_secret.data.google_iam_policy.admin",
            "module.discord_client_secret.google_secret_manager_secret.secret"
          ]
        }
      ]
    },
    {
      "module": "module.discord_client_secret",
      "mode": "managed",
      "type": "google_secret_manager_secret_version",
      "name": "version",
      "provider": "provider[\"registry.terraform.io/hashicorp/google\"]",
      "instances": [
        {
          "schema_version": 0,
          "attributes": {
            "create_time": "2023-05-19T16:46:13.825165Z",
            "destroy_time": "",
            "enabled": true,
            "id": "projects/292481049315/secrets/DISCORD_CLIENT_SECRET/versions/1",
            "name": "projects/292481049315/secrets/DISCORD_CLIENT_SECRET/versions/1",
            "secret": "projects/efrei-project-devops/secrets/DISCORD_CLIENT_SECRET",
            "secret_data": "8c73Zem-N3AOK7jSiWEdnVgVhc6lFVdK",
            "timeouts": null,
            "version": "1"
          },
          "sensitive_attributes": [],
          "private": "eyJlMmJmYjczMC1lY2FhLTExZTYtOGY4OC0zNDM2M2JjN2M0YzAiOnsiY3JlYXRlIjoxMjAwMDAwMDAwMDAwLCJkZWxldGUiOjEyMDAwMDAwMDAwMDB9fQ==",
          "dependencies": [
            "module.discord_client_secret.google_secret_manager_secret.secret"
          ]
        }
      ]
    },
    {
      "module": "module.k8s",
      "mode": "managed",
      "type": "google_container_cluster",
      "name": "primary",
      "provider": "provider[\"registry.terraform.io/hashicorp/google\"]",
      "instances": [
        {
          "schema_version": 1,
          "attributes": {
            "addons_config": [
              {
                "cloudrun_config": [],
                "config_connector_config": [],
                "dns_cache_config": [],
                "gce_persistent_disk_csi_driver_config": [
                  {
                    "enabled": true
                  }
                ],
                "gcp_filestore_csi_driver_config": [],
                "gke_backup_agent_config": [],
                "horizontal_pod_autoscaling": [],
                "http_load_balancing": [],
                "network_policy_config": [
                  {
                    "disabled": true
                  }
                ]
              }
            ],
            "authenticator_groups_config": [],
            "binary_authorization": [
              {
                "enabled": false,
                "evaluation_mode": ""
              }
            ],
            "cluster_autoscaling": [
              {
                "auto_provisioning_defaults": [],
                "enabled": false,
                "resource_limits": []
              }
            ],
            "cluster_ipv4_cidr": "10.248.0.0/14",
            "confidential_nodes": [],
            "cost_management_config": [],
            "database_encryption": [
              {
                "key_name": "",
                "state": "DECRYPTED"
              }
            ],
            "datapath_provider": "",
            "default_max_pods_per_node": null,
            "default_snat_status": [
              {
                "disabled": false
              }
            ],
            "description": "",
            "dns_config": [],
            "enable_autopilot": false,
            "enable_binary_authorization": false,
            "enable_intranode_visibility": false,
            "enable_kubernetes_alpha": false,
            "enable_l4_ilb_subsetting": false,
            "enable_legacy_abac": false,
            "enable_shielded_nodes": true,
            "enable_tpu": false,
            "endpoint": "34.163.173.90",
            "gateway_api_config": [],
            "id": "projects/efrei-project-devops/locations/europe-west9/clusters/k8s-cluster",
            "initial_node_count": 1,
            "ip_allocation_policy": [],
            "label_fingerprint": "a9dc16a7",
            "location": "europe-west9",
            "logging_config": [
              {
                "enable_components": [
                  "SYSTEM_COMPONENTS",
                  "WORKLOADS"
                ]
              }
            ],
            "logging_service": "logging.googleapis.com/kubernetes",
            "maintenance_policy": [],
            "master_auth": [
              {
                "client_certificate": "",
                "client_certificate_config": [
                  {
                    "issue_client_certificate": false
                  }
                ],
                "client_key": "",
                "cluster_ca_certificate": "LS0tLS1CRUdJTiBDRVJUSUZJQ0FURS0tLS0tCk1JSUVMRENDQXBTZ0F3SUJBZ0lRWnBuY0N6QzBaczFPVTUzTnhBQitTekFOQmdrcWhraUc5dzBCQVFzRkFEQXYKTVMwd0t3WURWUVFERXlSaE1qRTNaamxsTnkwMk1ESTNMVFEyTXpjdFltVXlaaTFtT1dNMFpETmtNVFEyWkdRdwpJQmNOTWpNd05URTVNVFUwTmpVM1doZ1BNakExTXpBMU1URXhOalEyTlRkYU1DOHhMVEFyQmdOVkJBTVRKR0V5Ck1UZG1PV1UzTFRZd01qY3RORFl6TnkxaVpUSm1MV1k1WXpSa00yUXhORFprWkRDQ0FhSXdEUVlKS29aSWh2Y04KQVFFQkJRQURnZ0dQQURDQ0FZb0NnZ0dCQU1KRXM4a05yeXk5OVFCUE5uZDFIK3J3QmJWNmVYbGxPVnIrWjU4SQpPajI3aDhoa0lDYmpmN1loNkFuM1lUYjVKSlhTYm5VQjZpcGVaQWlwRkR2SWdmUVp0dTJNMGh4YTBBQWxoaXVDCld4andYNk1WUjU1eUZ6UFcrVzB6Y0pETzlwczZlbER3MjFBZitmVmUxVUMrVVBlclR5YU5EUGFpeXREcjlrZFYKUFo2T1J5RVY3bW1vSVhNUWxsR3BMQlRCQ2lLMzYxY0hZU3Bra21WcElHK3p5RkRkMlNmOEhyd0tRM2hHOGJ6NwpuTVFDNUlpalNLTDZwbVF2S0tHSWRvK3FhdWRxRDN1WGVjbFk5YWw1TUpPZEZ6YUFhUDFCYWttZ0czd21qbElkCkN2ZDJxaFJWd0dYZHU3cThyRUxaV2w3cytnVWUxOGZiNU41M04zdEk2OHVpbGVUNkNtd0c1TVNKUTBWUk9zMS8KSEIwUXJRR09XZktvUWFhdzN2MnBVWDJJRXFhK25yRktKMVUrTnFVMjBrb3Z6b1dhd0pxVm84TTkvNUIvLzlMZQpKaE03cHNmSWdOWDB2WVduazVSS0Uwak5Ta2hjKzRuWFlwMjFQb285SWtoYnJ2UTEzNDNUcnJQNC9PUS9zVFFUCm9VbVh5Q2xJZFhOaUZTZ1lNdUhidTAzYTN3SURBUUFCbzBJd1FEQU9CZ05WSFE4QkFmOEVCQU1DQWdRd0R3WUQKVlIwVEFRSC9CQVV3QXdFQi96QWRCZ05WSFE0RUZnUVVLWWZZMzBtZVg2Wnp3Z1Nza3kzT3dCblBmY1F3RFFZSgpLb1pJaHZjTkFRRUxCUUFEZ2dHQkFNRjdnZnUrMlVqWGU5UGRuY1k4dWxrWWNNcnlxOGVYZG1vODVmUTVTU041CkxWVVJ3ZUxoRUQxcy9wdU5KSUZZVDh2Zk0rbURQMWZ1R3hWeDhNWU1pVWRlVVRneDMrMmtjTG9qZ3NsSDJ6cjcKKzlwV0dWOTJEaEdYQ2pTNjRhSkhOT2p2UU9vSXJVTjlZTUp1UDUvTDI4NVRrcVA5TEZHVFl6KzEwZFVwYlZJcAp1Z1B0amI4UXd2OURWRW1leHdORnEyWFQ3MTJJNEQ0Z0pmd2oxWWwzZHQrSU90azh6UnVOU0VNZlVQQUdOODFaCkpSbzBSVU9NMTR4OWZKbWQrK21xSG5mMkV6WFc5MS9FZzgxRjBDbmRodkZ1U1ljWHAwNG9UNjI4bnVjS0dMdFMKRW95dDd4RllwbjNydXhFbWRTbnhWUEpiVFdXSklsckx2bzkvcGNDWlF0UXZNQ1B1akFkWVZQNTdVSDY2Z3NRTAorUVgvN0dPdmsrZ1orUGFWQURTNzdZN3dITnl2aWVicHRHSVBlMVNHV2RMUmMyRTgzUVozS0hjSU5hQXQvYU92CnN4Z0tzTzlKUEQvUlJlR09vTm5tMFpzemxWOUFkTTBpemlLRUtVM2pmeEl5QmlvaHJrOFVnb1NubVozeWxtRVcKVTlGdUwyeTdiajNnNk50bFpUbXhLQT09Ci0tLS0tRU5EIENFUlRJRklDQVRFLS0tLS0K"
              }
            ],
            "master_authorized_networks_config": [],
            "master_version": "1.25.8-gke.500",
            "mesh_certificates": [],
            "min_master_version": null,
            "monitoring_config": [
              {
                "enable_components": [
                  "SYSTEM_COMPONENTS"
                ],
                "managed_prometheus": []
              }
            ],
            "monitoring_service": "monitoring.googleapis.com/kubernetes",
            "name": "k8s-cluster",
            "network": "projects/efrei-project-devops/global/networks/efrei-project-devops-vpc",
            "network_policy": [
              {
                "enabled": false,
                "provider": "PROVIDER_UNSPECIFIED"
              }
            ],
            "networking_mode": "ROUTES",
            "node_config": [
              {
                "advanced_machine_features": [],
                "boot_disk_kms_key": "",
                "disk_size_gb": 100,
                "disk_type": "pd-balanced",
                "ephemeral_storage_local_ssd_config": [],
                "gcfs_config": [],
                "guest_accelerator": [],
                "gvnic": [],
                "image_type": "COS_CONTAINERD",
                "kubelet_config": [],
                "labels": {},
                "linux_node_config": [],
                "local_nvme_ssd_block_config": [],
                "local_ssd_count": 0,
                "logging_variant": "DEFAULT",
                "machine_type": "e2-small",
                "metadata": {
                  "disable-legacy-endpoints": "true"
                },
                "min_cpu_platform": "",
                "node_group": "",
                "oauth_scopes": [
                  "https://www.googleapis.com/auth/cloud-platform",
                  "https://www.googleapis.com/auth/logging.write",
                  "https://www.googleapis.com/auth/monitoring"
                ],
                "preemptible": true,
                "reservation_affinity": [],
                "resource_labels": {},
                "service_account": "default",
                "shielded_instance_config": [
                  {
                    "enable_integrity_monitoring": true,
                    "enable_secure_boot": false
                  }
                ],
                "spot": false,
                "tags": [],
                "taint": [],
                "workload_metadata_config": []
              }
            ],
            "node_locations": [
              "europe-west9-a",
              "europe-west9-b",
              "europe-west9-c"
            ],
            "node_pool": [
              {
                "autoscaling": [
                  {
                    "location_policy": "ANY",
                    "max_node_count": 10,
                    "min_node_count": 1,
                    "total_max_node_count": 0,
                    "total_min_node_count": 0
                  }
                ],
                "initial_node_count": 1,
                "instance_group_urls": [
                  "https://www.googleapis.com/compute/v1/projects/efrei-project-devops/zones/europe-west9-b/instanceGroupManagers/gke-k8s-cluster-k8s-pool-0fe17cad-grp",
                  "https://www.googleapis.com/compute/v1/projects/efrei-project-devops/zones/europe-west9-c/instanceGroupManagers/gke-k8s-cluster-k8s-pool-f3b29477-grp",
                  "https://www.googleapis.com/compute/v1/projects/efrei-project-devops/zones/europe-west9-a/instanceGroupManagers/gke-k8s-cluster-k8s-pool-590a383a-grp"
                ],
                "managed_instance_group_urls": [
                  "https://www.googleapis.com/compute/v1/projects/efrei-project-devops/zones/europe-west9-b/instanceGroups/gke-k8s-cluster-k8s-pool-0fe17cad-grp",
                  "https://www.googleapis.com/compute/v1/projects/efrei-project-devops/zones/europe-west9-c/instanceGroups/gke-k8s-cluster-k8s-pool-f3b29477-grp",
                  "https://www.googleapis.com/compute/v1/projects/efrei-project-devops/zones/europe-west9-a/instanceGroups/gke-k8s-cluster-k8s-pool-590a383a-grp"
                ],
                "management": [
                  {
                    "auto_repair": true,
                    "auto_upgrade": true
                  }
                ],
                "max_pods_per_node": 0,
                "name": "k8s-pool",
                "name_prefix": "",
                "network_config": [
                  {
                    "create_pod_range": false,
                    "enable_private_nodes": false,
                    "pod_cidr_overprovision_config": [],
                    "pod_ipv4_cidr_block": "",
                    "pod_range": ""
                  }
                ],
                "node_config": [
                  {
                    "advanced_machine_features": [],
                    "boot_disk_kms_key": "",
                    "disk_size_gb": 100,
                    "disk_type": "pd-balanced",
                    "ephemeral_storage_local_ssd_config": [],
                    "gcfs_config": [],
                    "guest_accelerator": [],
                    "gvnic": [],
                    "image_type": "COS_CONTAINERD",
                    "kubelet_config": [],
                    "labels": {},
                    "linux_node_config": [],
                    "local_nvme_ssd_block_config": [],
                    "local_ssd_count": 0,
                    "logging_variant": "DEFAULT",
                    "machine_type": "e2-small",
                    "metadata": {
                      "disable-legacy-endpoints": "true"
                    },
                    "min_cpu_platform": "",
                    "node_group": "",
                    "oauth_scopes": [
                      "https://www.googleapis.com/auth/cloud-platform",
                      "https://www.googleapis.com/auth/logging.write",
                      "https://www.googleapis.com/auth/monitoring"
                    ],
                    "preemptible": true,
                    "reservation_affinity": [],
                    "resource_labels": {},
                    "service_account": "default",
                    "shielded_instance_config": [
                      {
                        "enable_integrity_monitoring": true,
                        "enable_secure_boot": false
                      }
                    ],
                    "spot": false,
                    "tags": [],
                    "taint": [],
                    "workload_metadata_config": []
                  }
                ],
                "node_count": 1,
                "node_locations": [
                  "europe-west9-a",
                  "europe-west9-b",
                  "europe-west9-c"
                ],
                "placement_policy": [],
                "upgrade_settings": [
                  {
                    "blue_green_settings": [],
                    "max_surge": 1,
                    "max_unavailable": 0,
                    "strategy": "SURGE"
                  }
                ],
                "version": "1.25.8-gke.500"
              }
            ],
            "node_pool_defaults": [
              {
                "node_config_defaults": [
                  {
                    "logging_variant": "DEFAULT"
                  }
                ]
              }
            ],
            "node_version": "1.25.8-gke.500",
            "notification_config": [
              {
                "pubsub": [
                  {
                    "enabled": false,
                    "filter": [],
                    "topic": ""
                  }
                ]
              }
            ],
            "operation": null,
            "private_cluster_config": [
              {
                "enable_private_endpoint": false,
                "enable_private_nodes": false,
                "master_global_access_config": [
                  {
                    "enabled": false
                  }
                ],
                "master_ipv4_cidr_block": "",
                "peering_name": "",
                "private_endpoint": "10.10.0.2",
                "private_endpoint_subnetwork": "",
                "public_endpoint": "34.163.173.90"
              }
            ],
            "private_ipv6_google_access": "",
            "project": "efrei-project-devops",
            "release_channel": [
              {
                "channel": "REGULAR"
              }
            ],
            "remove_default_node_pool": true,
            "resource_labels": {},
            "resource_usage_export_config": [],
            "self_link": "https://container.googleapis.com/v1/projects/efrei-project-devops/locations/europe-west9/clusters/k8s-cluster",
            "service_external_ips_config": [
              {
                "enabled": false
              }
            ],
            "services_ipv4_cidr": "10.251.240.0/20",
            "subnetwork": "projects/efrei-project-devops/regions/europe-west9/subnetworks/efrei-project-devops-subnet",
            "timeouts": null,
            "tpu_ipv4_cidr_block": "",
            "vertical_pod_autoscaling": [],
            "workload_identity_config": []
          },
          "sensitive_attributes": [],
          "private": "eyJlMmJmYjczMC1lY2FhLTExZTYtOGY4OC0zNDM2M2JjN2M0YzAiOnsiY3JlYXRlIjoyNDAwMDAwMDAwMDAwLCJkZWxldGUiOjI0MDAwMDAwMDAwMDAsInJlYWQiOjI0MDAwMDAwMDAwMDAsInVwZGF0ZSI6MzYwMDAwMDAwMDAwMH0sInNjaGVtYV92ZXJzaW9uIjoiMSJ9",
          "dependencies": [
            "module.network.google_compute_network.vpc",
            "module.network.google_compute_subnetwork.subnet"
          ]
        }
      ]
    },
    {
      "module": "module.k8s",
      "mode": "managed",
      "type": "google_container_node_pool",
      "name": "primary_preemptible_nodes",
      "provider": "provider[\"registry.terraform.io/hashicorp/google\"]",
      "instances": [
        {
          "schema_version": 1,
          "attributes": {
            "autoscaling": [
              {
                "location_policy": "ANY",
                "max_node_count": 10,
                "min_node_count": 1,
                "total_max_node_count": 0,
                "total_min_node_count": 0
              }
            ],
            "cluster": "k8s-cluster",
            "id": "projects/efrei-project-devops/locations/europe-west9/clusters/k8s-cluster/nodePools/k8s-pool",
            "initial_node_count": 1,
            "instance_group_urls": [
              "https://www.googleapis.com/compute/v1/projects/efrei-project-devops/zones/europe-west9-b/instanceGroupManagers/gke-k8s-cluster-k8s-pool-0fe17cad-grp",
              "https://www.googleapis.com/compute/v1/projects/efrei-project-devops/zones/europe-west9-c/instanceGroupManagers/gke-k8s-cluster-k8s-pool-f3b29477-grp",
              "https://www.googleapis.com/compute/v1/projects/efrei-project-devops/zones/europe-west9-a/instanceGroupManagers/gke-k8s-cluster-k8s-pool-590a383a-grp"
            ],
            "location": "europe-west9",
            "managed_instance_group_urls": [
              "https://www.googleapis.com/compute/v1/projects/efrei-project-devops/zones/europe-west9-b/instanceGroups/gke-k8s-cluster-k8s-pool-0fe17cad-grp",
              "https://www.googleapis.com/compute/v1/projects/efrei-project-devops/zones/europe-west9-c/instanceGroups/gke-k8s-cluster-k8s-pool-f3b29477-grp",
              "https://www.googleapis.com/compute/v1/projects/efrei-project-devops/zones/europe-west9-a/instanceGroups/gke-k8s-cluster-k8s-pool-590a383a-grp"
            ],
            "management": [
              {
                "auto_repair": true,
                "auto_upgrade": true
              }
            ],
            "max_pods_per_node": null,
            "name": "k8s-pool",
            "name_prefix": "",
            "network_config": [
              {
                "create_pod_range": false,
                "enable_private_nodes": false,
                "pod_cidr_overprovision_config": [],
                "pod_ipv4_cidr_block": "",
                "pod_range": ""
              }
            ],
            "node_config": [
              {
                "advanced_machine_features": [],
                "boot_disk_kms_key": "",
                "disk_size_gb": 100,
                "disk_type": "pd-balanced",
                "ephemeral_storage_local_ssd_config": [],
                "gcfs_config": [],
                "guest_accelerator": [],
                "gvnic": [],
                "image_type": "COS_CONTAINERD",
                "kubelet_config": [],
                "labels": {},
                "linux_node_config": [],
                "local_nvme_ssd_block_config": [],
                "local_ssd_count": 0,
                "logging_variant": "DEFAULT",
                "machine_type": "e2-small",
                "metadata": {
                  "disable-legacy-endpoints": "true"
                },
                "min_cpu_platform": "",
                "node_group": "",
                "oauth_scopes": [
                  "https://www.googleapis.com/auth/cloud-platform",
                  "https://www.googleapis.com/auth/logging.write",
                  "https://www.googleapis.com/auth/monitoring"
                ],
                "preemptible": true,
                "reservation_affinity": [],
                "resource_labels": {},
                "service_account": "default",
                "shielded_instance_config": [
                  {
                    "enable_integrity_monitoring": true,
                    "enable_secure_boot": false
                  }
                ],
                "spot": false,
                "tags": [],
                "taint": [],
                "workload_metadata_config": []
              }
            ],
            "node_count": 1,
            "node_locations": [
              "europe-west9-a",
              "europe-west9-b",
              "europe-west9-c"
            ],
            "operation": null,
            "placement_policy": [],
            "project": "efrei-project-devops",
            "timeouts": null,
            "upgrade_settings": [
              {
                "blue_green_settings": [],
                "max_surge": 1,
                "max_unavailable": 0,
                "strategy": "SURGE"
              }
            ],
            "version": "1.25.8-gke.500"
          },
          "sensitive_attributes": [],
          "private": "eyJlMmJmYjczMC1lY2FhLTExZTYtOGY4OC0zNDM2M2JjN2M0YzAiOnsiY3JlYXRlIjoxODAwMDAwMDAwMDAwLCJkZWxldGUiOjE4MDAwMDAwMDAwMDAsInVwZGF0ZSI6MTgwMDAwMDAwMDAwMH0sInNjaGVtYV92ZXJzaW9uIjoiMSJ9",
          "dependencies": [
            "module.k8s.google_container_cluster.primary",
            "module.network.google_compute_network.vpc",
            "module.network.google_compute_subnetwork.subnet"
          ]
        }
      ]
    },
    {
      "module": "module.network",
      "mode": "managed",
      "type": "google_compute_network",
      "name": "vpc",
      "provider": "provider[\"registry.terraform.io/hashicorp/google\"]",
      "instances": [
        {
          "schema_version": 0,
          "attributes": {
            "auto_create_subnetworks": false,
            "delete_default_routes_on_create": false,
            "description": "",
            "enable_ula_internal_ipv6": false,
            "gateway_ipv4": "",
            "id": "projects/efrei-project-devops/global/networks/efrei-project-devops-vpc",
            "internal_ipv6_range": "",
            "mtu": 0,
            "name": "efrei-project-devops-vpc",
            "network_firewall_policy_enforcement_order": "AFTER_CLASSIC_FIREWALL",
            "project": "efrei-project-devops",
            "routing_mode": "REGIONAL",
            "self_link": "https://www.googleapis.com/compute/v1/projects/efrei-project-devops/global/networks/efrei-project-devops-vpc",
            "timeouts": null
          },
          "sensitive_attributes": [],
          "private": "eyJlMmJmYjczMC1lY2FhLTExZTYtOGY4OC0zNDM2M2JjN2M0YzAiOnsiY3JlYXRlIjoxMjAwMDAwMDAwMDAwLCJkZWxldGUiOjEyMDAwMDAwMDAwMDAsInVwZGF0ZSI6MTIwMDAwMDAwMDAwMH19"
        }
      ]
    },
    {
      "module": "module.network",
      "mode": "managed",
      "type": "google_compute_subnetwork",
      "name": "subnet",
      "provider": "provider[\"registry.terraform.io/hashicorp/google\"]",
      "instances": [
        {
          "schema_version": 0,
          "attributes": {
            "creation_timestamp": "2023-05-19T09:46:35.562-07:00",
            "description": "",
            "external_ipv6_prefix": "",
            "fingerprint": null,
            "gateway_address": "10.10.0.1",
            "id": "projects/efrei-project-devops/regions/europe-west9/subnetworks/efrei-project-devops-subnet",
            "ip_cidr_range": "10.10.0.0/24",
            "ipv6_access_type": "",
            "ipv6_cidr_range": "",
            "log_config": [],
            "name": "efrei-project-devops-subnet",
            "network": "https://www.googleapis.com/compute/v1/projects/efrei-project-devops/global/networks/efrei-project-devops-vpc",
            "private_ip_google_access": true,
            "private_ipv6_google_access": "DISABLE_GOOGLE_ACCESS",
            "project": "efrei-project-devops",
            "purpose": "PRIVATE",
            "region": "europe-west9",
            "role": "",
            "secondary_ip_range": [],
            "self_link": "https://www.googleapis.com/compute/v1/projects/efrei-project-devops/regions/europe-west9/subnetworks/efrei-project-devops-subnet",
            "stack_type": "IPV4_ONLY",
            "timeouts": null
          },
          "sensitive_attributes": [],
          "private": "eyJlMmJmYjczMC1lY2FhLTExZTYtOGY4OC0zNDM2M2JjN2M0YzAiOnsiY3JlYXRlIjoxMjAwMDAwMDAwMDAwLCJkZWxldGUiOjEyMDAwMDAwMDAwMDAsInVwZGF0ZSI6MTIwMDAwMDAwMDAwMH19",
          "dependencies": [
            "module.network.google_compute_network.vpc"
          ]
        }
      ]
    },
    {
      "module": "module.nextauth_secret",
      "mode": "data",
      "type": "google_iam_policy",
      "name": "admin",
      "provider": "provider[\"registry.terraform.io/hashicorp/google\"]",
      "instances": [
        {
          "schema_version": 0,
          "attributes": {
            "audit_config": null,
            "binding": [
              {
                "condition": [],
                "members": [
                  "serviceAccount:292481049315@cloudbuild.gserviceaccount.com"
                ],
                "role": "roles/secretmanager.secretAccessor"
              }
            ],
            "id": "3518885174",
            "policy_data": "{\"bindings\":[{\"members\":[\"serviceAccount:292481049315@cloudbuild.gserviceaccount.com\"],\"role\":\"roles/secretmanager.secretAccessor\"}]}"
          },
          "sensitive_attributes": []
        }
      ]
    },
    {
      "module": "module.nextauth_secret",
      "mode": "managed",
      "type": "google_secret_manager_secret",
      "name": "secret",
      "provider": "provider[\"registry.terraform.io/hashicorp/google\"]",
      "instances": [
        {
          "schema_version": 0,
          "attributes": {
            "create_time": "2023-05-19T16:46:12.882394Z",
            "expire_time": "",
            "id": "projects/efrei-project-devops/secrets/NEXTAUTH_SECRET",
            "labels": {},
            "name": "projects/292481049315/secrets/NEXTAUTH_SECRET",
            "project": "efrei-project-devops",
            "replication": [
              {
                "automatic": false,
                "user_managed": [
                  {
                    "replicas": [
                      {
                        "customer_managed_encryption": [],
                        "location": "europe-west9"
                      }
                    ]
                  }
                ]
              }
            ],
            "rotation": [],
            "secret_id": "NEXTAUTH_SECRET",
            "timeouts": null,
            "topics": [],
            "ttl": null
          },
          "sensitive_attributes": [],
          "private": "eyJlMmJmYjczMC1lY2FhLTExZTYtOGY4OC0zNDM2M2JjN2M0YzAiOnsiY3JlYXRlIjoxMjAwMDAwMDAwMDAwLCJkZWxldGUiOjEyMDAwMDAwMDAwMDAsInVwZGF0ZSI6MTIwMDAwMDAwMDAwMH19"
        }
      ]
    },
    {
      "module": "module.nextauth_secret",
      "mode": "managed",
      "type": "google_secret_manager_secret_iam_policy",
      "name": "policy",
      "provider": "provider[\"registry.terraform.io/hashicorp/google\"]",
      "instances": [
        {
          "schema_version": 0,
          "attributes": {
            "etag": "BwX8D4g5SDg=",
            "id": "projects/efrei-project-devops/secrets/NEXTAUTH_SECRET",
            "policy_data": "{\"bindings\":[{\"members\":[\"serviceAccount:292481049315@cloudbuild.gserviceaccount.com\"],\"role\":\"roles/secretmanager.secretAccessor\"}]}",
            "project": "efrei-project-devops",
            "secret_id": "projects/efrei-project-devops/secrets/NEXTAUTH_SECRET"
          },
          "sensitive_attributes": [],
          "private": "bnVsbA==",
          "dependencies": [
            "module.nextauth_secret.data.google_iam_policy.admin",
            "module.nextauth_secret.google_secret_manager_secret.secret"
          ]
        }
      ]
    },
    {
      "module": "module.nextauth_secret",
      "mode": "managed",
      "type": "google_secret_manager_secret_version",
      "name": "version",
      "provider": "provider[\"registry.terraform.io/hashicorp/google\"]",
      "instances": [
        {
          "schema_version": 0,
          "attributes": {
            "create_time": "2023-05-19T16:46:13.845889Z",
            "destroy_time": "",
            "enabled": true,
            "id": "projects/292481049315/secrets/NEXTAUTH_SECRET/versions/1",
            "name": "projects/292481049315/secrets/NEXTAUTH_SECRET/versions/1",
            "secret": "projects/efrei-project-devops/secrets/NEXTAUTH_SECRET",
            "secret_data": "KIZ69KNJSdXXEbMw6xCjPNLlPQXxBhUKbkPyDFXGNeo=",
            "timeouts": null,
            "version": "1"
          },
          "sensitive_attributes": [],
          "private": "eyJlMmJmYjczMC1lY2FhLTExZTYtOGY4OC0zNDM2M2JjN2M0YzAiOnsiY3JlYXRlIjoxMjAwMDAwMDAwMDAwLCJkZWxldGUiOjEyMDAwMDAwMDAwMDB9fQ==",
          "dependencies": [
            "module.nextauth_secret.google_secret_manager_secret.secret"
          ]
        }
      ]
    }
  ],
  "check_results": null
}
